// !$*UTF8*$!
{
	archiveVersion = 1;
	classes = {
	};
	objectVersion = 46;
	objects = {

/* Begin PBXBuildFile section */
		729F8C121A53577C009FB9AD /* Csio.c in Sources */ = {isa = PBXBuildFile; fileRef = FDD783C017A89F5700158FCD /* Csio.c */; };
		729F8C131A53577E009FB9AD /* emmatch.c in Sources */ = {isa = PBXBuildFile; fileRef = FDD783C117A89F5700158FCD /* emmatch.c */; };
		729F8C141A535780009FB9AD /* generate.c in Sources */ = {isa = PBXBuildFile; fileRef = FDD783C217A89F5700158FCD /* generate.c */; };
		729F8C151A535784009FB9AD /* github_flavoured.c in Sources */ = {isa = PBXBuildFile; fileRef = FDD783C317A89F5700158FCD /* github_flavoured.c */; };
		729F8C161A535787009FB9AD /* html5.c in Sources */ = {isa = PBXBuildFile; fileRef = FDD783C417A89F5700158FCD /* html5.c */; };
		729F8C171A535789009FB9AD /* markdown.c in Sources */ = {isa = PBXBuildFile; fileRef = FDD783C517A89F5700158FCD /* markdown.c */; };
		729F8C181A53578B009FB9AD /* mkdio.c in Sources */ = {isa = PBXBuildFile; fileRef = FDD783C717A89F5700158FCD /* mkdio.c */; };
		729F8C191A53578D009FB9AD /* resource.c in Sources */ = {isa = PBXBuildFile; fileRef = FDD783C817A89F5700158FCD /* resource.c */; };
		729F8C1A1A535790009FB9AD /* setup.c in Sources */ = {isa = PBXBuildFile; fileRef = FDD783C917A89F5700158FCD /* setup.c */; };
		729F8C1B1A535795009FB9AD /* tags.c in Sources */ = {isa = PBXBuildFile; fileRef = FDD783CA17A89F5700158FCD /* tags.c */; };
		729F8C1C1A535797009FB9AD /* xml.c in Sources */ = {isa = PBXBuildFile; fileRef = FDD783CB17A89F5700158FCD /* xml.c */; };
		729F8C1D1A53579D009FB9AD /* markdown.h in Headers */ = {isa = PBXBuildFile; fileRef = FDD783C617A89F5700158FCD /* markdown.h */; };
		729F8C1E1A5357A2009FB9AD /* tags.h in Headers */ = {isa = PBXBuildFile; fileRef = FDD783D917A89F9300158FCD /* tags.h */; };
		729F8C1F1A5357A6009FB9AD /* config.h in Headers */ = {isa = PBXBuildFile; fileRef = FDD783BC17A89EEC00158FCD /* config.h */; };
		729F8C201A5357A8009FB9AD /* mkdio.h in Headers */ = {isa = PBXBuildFile; fileRef = FDD783BD17A89EEC00158FCD /* mkdio.h */; };
		729F8C211A5357AF009FB9AD /* NSString+ORCDiscount.m in Sources */ = {isa = PBXBuildFile; fileRef = FDD783E117A8A11000158FCD /* NSString+ORCDiscount.m */; };
		729F8C221A5357B1009FB9AD /* NSString+ORCDiscount.h in Headers */ = {isa = PBXBuildFile; fileRef = FDD783E017A8A11000158FCD /* NSString+ORCDiscount.h */; settings = {ATTRIBUTES = (Private, ); }; };
		729F8C251A535883009FB9AD /* ORCDiscount.framework in Frameworks */ = {isa = PBXBuildFile; fileRef = 729F8BF91A535725009FB9AD /* ORCDiscount.framework */; };
		729F8C261A535897009FB9AD /* ORCDiscount.h in Headers */ = {isa = PBXBuildFile; fileRef = FDD783E517A8A1CE00158FCD /* ORCDiscount.h */; settings = {ATTRIBUTES = (Private, ); }; };
		729F8C451A535977009FB9AD /* Csio.c in Sources */ = {isa = PBXBuildFile; fileRef = FDD783C017A89F5700158FCD /* Csio.c */; };
		729F8C461A535977009FB9AD /* emmatch.c in Sources */ = {isa = PBXBuildFile; fileRef = FDD783C117A89F5700158FCD /* emmatch.c */; };
		729F8C471A535977009FB9AD /* generate.c in Sources */ = {isa = PBXBuildFile; fileRef = FDD783C217A89F5700158FCD /* generate.c */; };
		729F8C481A535977009FB9AD /* github_flavoured.c in Sources */ = {isa = PBXBuildFile; fileRef = FDD783C317A89F5700158FCD /* github_flavoured.c */; };
		729F8C491A535977009FB9AD /* html5.c in Sources */ = {isa = PBXBuildFile; fileRef = FDD783C417A89F5700158FCD /* html5.c */; };
		729F8C4A1A535977009FB9AD /* markdown.c in Sources */ = {isa = PBXBuildFile; fileRef = FDD783C517A89F5700158FCD /* markdown.c */; };
		729F8C4C1A535977009FB9AD /* mkdio.c in Sources */ = {isa = PBXBuildFile; fileRef = FDD783C717A89F5700158FCD /* mkdio.c */; };
		729F8C4D1A535977009FB9AD /* resource.c in Sources */ = {isa = PBXBuildFile; fileRef = FDD783C817A89F5700158FCD /* resource.c */; };
		729F8C4E1A535977009FB9AD /* setup.c in Sources */ = {isa = PBXBuildFile; fileRef = FDD783C917A89F5700158FCD /* setup.c */; };
		729F8C501A535977009FB9AD /* tags.c in Sources */ = {isa = PBXBuildFile; fileRef = FDD783CA17A89F5700158FCD /* tags.c */; };
		729F8C511A535983009FB9AD /* markdown.h in Headers */ = {isa = PBXBuildFile; fileRef = FDD783C617A89F5700158FCD /* markdown.h */; };
		729F8C521A535983009FB9AD /* tags.h in Headers */ = {isa = PBXBuildFile; fileRef = FDD783D917A89F9300158FCD /* tags.h */; };
		729F8C531A535983009FB9AD /* config.h in Headers */ = {isa = PBXBuildFile; fileRef = FDD783BC17A89EEC00158FCD /* config.h */; };
		729F8C541A535983009FB9AD /* mkdio.h in Headers */ = {isa = PBXBuildFile; fileRef = FDD783BD17A89EEC00158FCD /* mkdio.h */; };
		729F8C551A53598A009FB9AD /* NSString+ORCDiscount.h in Headers */ = {isa = PBXBuildFile; fileRef = FDD783E017A8A11000158FCD /* NSString+ORCDiscount.h */; settings = {ATTRIBUTES = (Public, ); }; };
		729F8C561A53598A009FB9AD /* ORCDiscount.h in Headers */ = {isa = PBXBuildFile; fileRef = FDD783E517A8A1CE00158FCD /* ORCDiscount.h */; settings = {ATTRIBUTES = (Public, ); }; };
		729F8C571A5359C5009FB9AD /* xml.c in Sources */ = {isa = PBXBuildFile; fileRef = FDD783CB17A89F5700158FCD /* xml.c */; };
		FDD783A517A89C3200158FCD /* XCTest.framework in Frameworks */ = {isa = PBXBuildFile; fileRef = FDD783A417A89C3200158FCD /* XCTest.framework */; };
		FDD783A617A89C3200158FCD /* Cocoa.framework in Frameworks */ = {isa = PBXBuildFile; fileRef = FDD7839317A89C3200158FCD /* Cocoa.framework */; };
		FDD783AF17A89C3200158FCD /* InfoPlist.strings in Resources */ = {isa = PBXBuildFile; fileRef = FDD783AD17A89C3200158FCD /* InfoPlist.strings */; };
		FDD783B117A89C3200158FCD /* ORCDiscountTests.m in Sources */ = {isa = PBXBuildFile; fileRef = FDD783B017A89C3200158FCD /* ORCDiscountTests.m */; };
/* End PBXBuildFile section */

/* Begin PBXContainerItemProxy section */
		729F8C231A53587F009FB9AD /* PBXContainerItemProxy */ = {
			isa = PBXContainerItemProxy;
			containerPortal = FDD7838817A89C3200158FCD /* Project object */;
			proxyType = 1;
			remoteGlobalIDString = 729F8BF81A535725009FB9AD;
			remoteInfo = ORCDiscount;
		};
/* End PBXContainerItemProxy section */

/* Begin PBXFileReference section */
		729F8BF91A535725009FB9AD /* ORCDiscount.framework */ = {isa = PBXFileReference; explicitFileType = wrapper.framework; includeInIndex = 0; path = ORCDiscount.framework; sourceTree = BUILT_PRODUCTS_DIR; };
		729F8C2C1A535937009FB9AD /* ORCDiscount.framework */ = {isa = PBXFileReference; explicitFileType = wrapper.framework; includeInIndex = 0; path = ORCDiscount.framework; sourceTree = BUILT_PRODUCTS_DIR; };
		FDD7839317A89C3200158FCD /* Cocoa.framework */ = {isa = PBXFileReference; lastKnownFileType = wrapper.framework; name = Cocoa.framework; path = System/Library/Frameworks/Cocoa.framework; sourceTree = SDKROOT; };
		FDD7839617A89C3200158FCD /* Foundation.framework */ = {isa = PBXFileReference; lastKnownFileType = wrapper.framework; name = Foundation.framework; path = System/Library/Frameworks/Foundation.framework; sourceTree = SDKROOT; };
		FDD7839717A89C3200158FCD /* CoreData.framework */ = {isa = PBXFileReference; lastKnownFileType = wrapper.framework; name = CoreData.framework; path = System/Library/Frameworks/CoreData.framework; sourceTree = SDKROOT; };
		FDD7839817A89C3200158FCD /* AppKit.framework */ = {isa = PBXFileReference; lastKnownFileType = wrapper.framework; name = AppKit.framework; path = System/Library/Frameworks/AppKit.framework; sourceTree = SDKROOT; };
		FDD783A317A89C3200158FCD /* ORCDiscountTests.xctest */ = {isa = PBXFileReference; explicitFileType = wrapper.cfbundle; includeInIndex = 0; path = ORCDiscountTests.xctest; sourceTree = BUILT_PRODUCTS_DIR; };
		FDD783A417A89C3200158FCD /* XCTest.framework */ = {isa = PBXFileReference; lastKnownFileType = wrapper.framework; name = XCTest.framework; path = Library/Frameworks/XCTest.framework; sourceTree = DEVELOPER_DIR; };
		FDD783AC17A89C3200158FCD /* ORCDiscountTests-Info.plist */ = {isa = PBXFileReference; lastKnownFileType = text.plist.xml; path = "ORCDiscountTests-Info.plist"; sourceTree = "<group>"; };
		FDD783AE17A89C3200158FCD /* en */ = {isa = PBXFileReference; lastKnownFileType = text.plist.strings; name = en; path = en.lproj/InfoPlist.strings; sourceTree = "<group>"; };
		FDD783B017A89C3200158FCD /* ORCDiscountTests.m */ = {isa = PBXFileReference; lastKnownFileType = sourcecode.c.objc; path = ORCDiscountTests.m; sourceTree = "<group>"; };
		FDD783BC17A89EEC00158FCD /* config.h */ = {isa = PBXFileReference; fileEncoding = 4; lastKnownFileType = sourcecode.c.h; name = config.h; path = config/config.h; sourceTree = "<group>"; };
		FDD783BD17A89EEC00158FCD /* mkdio.h */ = {isa = PBXFileReference; fileEncoding = 4; lastKnownFileType = sourcecode.c.h; name = mkdio.h; path = config/mkdio.h; sourceTree = "<group>"; };
		FDD783C017A89F5700158FCD /* Csio.c */ = {isa = PBXFileReference; fileEncoding = 4; lastKnownFileType = sourcecode.c.c; name = Csio.c; path = lib/discount/Csio.c; sourceTree = "<group>"; };
		FDD783C117A89F5700158FCD /* emmatch.c */ = {isa = PBXFileReference; fileEncoding = 4; lastKnownFileType = sourcecode.c.c; name = emmatch.c; path = lib/discount/emmatch.c; sourceTree = "<group>"; };
		FDD783C217A89F5700158FCD /* generate.c */ = {isa = PBXFileReference; fileEncoding = 4; lastKnownFileType = sourcecode.c.c; name = generate.c; path = lib/discount/generate.c; sourceTree = "<group>"; };
		FDD783C317A89F5700158FCD /* github_flavoured.c */ = {isa = PBXFileReference; fileEncoding = 4; lastKnownFileType = sourcecode.c.c; name = github_flavoured.c; path = lib/discount/github_flavoured.c; sourceTree = "<group>"; };
		FDD783C417A89F5700158FCD /* html5.c */ = {isa = PBXFileReference; fileEncoding = 4; lastKnownFileType = sourcecode.c.c; name = html5.c; path = lib/discount/html5.c; sourceTree = "<group>"; };
		FDD783C517A89F5700158FCD /* markdown.c */ = {isa = PBXFileReference; fileEncoding = 4; lastKnownFileType = sourcecode.c.c; name = markdown.c; path = lib/discount/markdown.c; sourceTree = "<group>"; };
		FDD783C617A89F5700158FCD /* markdown.h */ = {isa = PBXFileReference; fileEncoding = 4; lastKnownFileType = sourcecode.c.h; name = markdown.h; path = lib/discount/markdown.h; sourceTree = "<group>"; };
		FDD783C717A89F5700158FCD /* mkdio.c */ = {isa = PBXFileReference; fileEncoding = 4; lastKnownFileType = sourcecode.c.c; name = mkdio.c; path = lib/discount/mkdio.c; sourceTree = "<group>"; };
		FDD783C817A89F5700158FCD /* resource.c */ = {isa = PBXFileReference; fileEncoding = 4; lastKnownFileType = sourcecode.c.c; name = resource.c; path = lib/discount/resource.c; sourceTree = "<group>"; };
		FDD783C917A89F5700158FCD /* setup.c */ = {isa = PBXFileReference; fileEncoding = 4; lastKnownFileType = sourcecode.c.c; name = setup.c; path = lib/discount/setup.c; sourceTree = "<group>"; };
		FDD783CA17A89F5700158FCD /* tags.c */ = {isa = PBXFileReference; fileEncoding = 4; lastKnownFileType = sourcecode.c.c; name = tags.c; path = lib/discount/tags.c; sourceTree = "<group>"; };
		FDD783CB17A89F5700158FCD /* xml.c */ = {isa = PBXFileReference; fileEncoding = 4; lastKnownFileType = sourcecode.c.c; name = xml.c; path = lib/discount/xml.c; sourceTree = "<group>"; };
		FDD783D917A89F9300158FCD /* tags.h */ = {isa = PBXFileReference; fileEncoding = 4; lastKnownFileType = sourcecode.c.h; name = tags.h; path = lib/discount/tags.h; sourceTree = "<group>"; };
		FDD783E017A8A11000158FCD /* NSString+ORCDiscount.h */ = {isa = PBXFileReference; fileEncoding = 4; lastKnownFileType = sourcecode.c.h; path = "NSString+ORCDiscount.h"; sourceTree = "<group>"; };
		FDD783E117A8A11000158FCD /* NSString+ORCDiscount.m */ = {isa = PBXFileReference; fileEncoding = 4; lastKnownFileType = sourcecode.c.objc; path = "NSString+ORCDiscount.m"; sourceTree = "<group>"; };
		FDD783E517A8A1CE00158FCD /* ORCDiscount.h */ = {isa = PBXFileReference; fileEncoding = 4; lastKnownFileType = sourcecode.c.h; path = ORCDiscount.h; sourceTree = "<group>"; };
/* End PBXFileReference section */

/* Begin PBXFrameworksBuildPhase section */
		729F8BF51A535725009FB9AD /* Frameworks */ = {
			isa = PBXFrameworksBuildPhase;
			buildActionMask = 2147483647;
			files = (
			);
			runOnlyForDeploymentPostprocessing = 0;
		};
		729F8C281A535937009FB9AD /* Frameworks */ = {
			isa = PBXFrameworksBuildPhase;
			buildActionMask = 2147483647;
			files = (
			);
			runOnlyForDeploymentPostprocessing = 0;
		};
		FDD783A017A89C3200158FCD /* Frameworks */ = {
			isa = PBXFrameworksBuildPhase;
			buildActionMask = 2147483647;
			files = (
				729F8C251A535883009FB9AD /* ORCDiscount.framework in Frameworks */,
				FDD783A617A89C3200158FCD /* Cocoa.framework in Frameworks */,
				FDD783A517A89C3200158FCD /* XCTest.framework in Frameworks */,
			);
			runOnlyForDeploymentPostprocessing = 0;
		};
/* End PBXFrameworksBuildPhase section */

/* Begin PBXGroup section */
		FDD7838717A89C3200158FCD = {
			isa = PBXGroup;
			children = (
				FDD783BA17A89CB300158FCD /* External */,
				FDD783BB17A89ED900158FCD /* Config */,
				FDD7839917A89C3200158FCD /* Discount */,
				FDD783AA17A89C3200158FCD /* DiscountTests */,
				FDD7839217A89C3200158FCD /* Frameworks */,
				FDD7839117A89C3200158FCD /* Products */,
			);
			sourceTree = "<group>";
		};
		FDD7839117A89C3200158FCD /* Products */ = {
			isa = PBXGroup;
			children = (
				FDD783A317A89C3200158FCD /* ORCDiscountTests.xctest */,
				729F8BF91A535725009FB9AD /* ORCDiscount.framework */,
				729F8C2C1A535937009FB9AD /* ORCDiscount.framework */,
			);
			name = Products;
			sourceTree = "<group>";
		};
		FDD7839217A89C3200158FCD /* Frameworks */ = {
			isa = PBXGroup;
			children = (
				FDD7839317A89C3200158FCD /* Cocoa.framework */,
				FDD783A417A89C3200158FCD /* XCTest.framework */,
				FDD7839517A89C3200158FCD /* Other Frameworks */,
			);
			name = Frameworks;
			sourceTree = "<group>";
		};
		FDD7839517A89C3200158FCD /* Other Frameworks */ = {
			isa = PBXGroup;
			children = (
				FDD7839617A89C3200158FCD /* Foundation.framework */,
				FDD7839717A89C3200158FCD /* CoreData.framework */,
				FDD7839817A89C3200158FCD /* AppKit.framework */,
			);
			name = "Other Frameworks";
			sourceTree = "<group>";
		};
		FDD7839917A89C3200158FCD /* Discount */ = {
			isa = PBXGroup;
			children = (
				FDD783E017A8A11000158FCD /* NSString+ORCDiscount.h */,
				FDD783E117A8A11000158FCD /* NSString+ORCDiscount.m */,
				FDD783E517A8A1CE00158FCD /* ORCDiscount.h */,
			);
			name = Discount;
			path = src;
			sourceTree = "<group>";
		};
		FDD783AA17A89C3200158FCD /* DiscountTests */ = {
			isa = PBXGroup;
			children = (
				FDD783AB17A89C3200158FCD /* Supporting Files */,
				FDD783B017A89C3200158FCD /* ORCDiscountTests.m */,
			);
			name = DiscountTests;
			path = tests;
			sourceTree = "<group>";
		};
		FDD783AB17A89C3200158FCD /* Supporting Files */ = {
			isa = PBXGroup;
			children = (
				FDD783AC17A89C3200158FCD /* ORCDiscountTests-Info.plist */,
				FDD783AD17A89C3200158FCD /* InfoPlist.strings */,
			);
			name = "Supporting Files";
			sourceTree = "<group>";
		};
		FDD783BA17A89CB300158FCD /* External */ = {
			isa = PBXGroup;
			children = (
				FDD783D817A89F6000158FCD /* Discount */,
			);
			name = External;
			sourceTree = "<group>";
		};
		FDD783BB17A89ED900158FCD /* Config */ = {
			isa = PBXGroup;
			children = (
				FDD783BC17A89EEC00158FCD /* config.h */,
				FDD783BD17A89EEC00158FCD /* mkdio.h */,
			);
			name = Config;
			sourceTree = "<group>";
		};
		FDD783D817A89F6000158FCD /* Discount */ = {
			isa = PBXGroup;
			children = (
				FDD783C017A89F5700158FCD /* Csio.c */,
				FDD783C117A89F5700158FCD /* emmatch.c */,
				FDD783C217A89F5700158FCD /* generate.c */,
				FDD783C317A89F5700158FCD /* github_flavoured.c */,
				FDD783C417A89F5700158FCD /* html5.c */,
				FDD783C517A89F5700158FCD /* markdown.c */,
				FDD783C617A89F5700158FCD /* markdown.h */,
				FDD783C717A89F5700158FCD /* mkdio.c */,
				FDD783C817A89F5700158FCD /* resource.c */,
				FDD783C917A89F5700158FCD /* setup.c */,
				FDD783D917A89F9300158FCD /* tags.h */,
				FDD783CA17A89F5700158FCD /* tags.c */,
				FDD783CB17A89F5700158FCD /* xml.c */,
			);
			name = Discount;
			sourceTree = "<group>";
		};
/* End PBXGroup section */

/* Begin PBXHeadersBuildPhase section */
		729F8BF61A535725009FB9AD /* Headers */ = {
			isa = PBXHeadersBuildPhase;
			buildActionMask = 2147483647;
			files = (
				729F8C261A535897009FB9AD /* ORCDiscount.h in Headers */,
				729F8C221A5357B1009FB9AD /* NSString+ORCDiscount.h in Headers */,
				729F8C1F1A5357A6009FB9AD /* config.h in Headers */,
				729F8C1D1A53579D009FB9AD /* markdown.h in Headers */,
				729F8C201A5357A8009FB9AD /* mkdio.h in Headers */,
				729F8C1E1A5357A2009FB9AD /* tags.h in Headers */,
			);
			runOnlyForDeploymentPostprocessing = 0;
		};
		729F8C291A535937009FB9AD /* Headers */ = {
			isa = PBXHeadersBuildPhase;
			buildActionMask = 2147483647;
			files = (
				729F8C551A53598A009FB9AD /* NSString+ORCDiscount.h in Headers */,
				729F8C561A53598A009FB9AD /* ORCDiscount.h in Headers */,
				729F8C531A535983009FB9AD /* config.h in Headers */,
				729F8C511A535983009FB9AD /* markdown.h in Headers */,
				729F8C541A535983009FB9AD /* mkdio.h in Headers */,
				729F8C521A535983009FB9AD /* tags.h in Headers */,
			);
			runOnlyForDeploymentPostprocessing = 0;
		};
/* End PBXHeadersBuildPhase section */

/* Begin PBXNativeTarget section */
		729F8BF81A535725009FB9AD /* ORCDiscount-Mac */ = {
			isa = PBXNativeTarget;
			buildConfigurationList = 729F8C0C1A535725009FB9AD /* Build configuration list for PBXNativeTarget "ORCDiscount-Mac" */;
			buildPhases = (
				729F8BF41A535725009FB9AD /* Sources */,
				729F8BF51A535725009FB9AD /* Frameworks */,
				729F8BF61A535725009FB9AD /* Headers */,
				729F8BF71A535725009FB9AD /* Resources */,
			);
			buildRules = (
			);
			dependencies = (
			);
			name = "ORCDiscount-Mac";
			productName = ORCDiscount;
			productReference = 729F8BF91A535725009FB9AD /* ORCDiscount.framework */;
			productType = "com.apple.product-type.framework";
		};
		729F8C2B1A535937009FB9AD /* ORCDiscount-iOS */ = {
			isa = PBXNativeTarget;
			buildConfigurationList = 729F8C3F1A535938009FB9AD /* Build configuration list for PBXNativeTarget "ORCDiscount-iOS" */;
			buildPhases = (
				729F8C271A535937009FB9AD /* Sources */,
				729F8C281A535937009FB9AD /* Frameworks */,
				729F8C291A535937009FB9AD /* Headers */,
				729F8C2A1A535937009FB9AD /* Resources */,
			);
			buildRules = (
			);
			dependencies = (
			);
			name = "ORCDiscount-iOS";
			productName = ORCDiscount;
			productReference = 729F8C2C1A535937009FB9AD /* ORCDiscount.framework */;
			productType = "com.apple.product-type.framework";
		};
		FDD783A217A89C3200158FCD /* ORCDiscountTests */ = {
			isa = PBXNativeTarget;
			buildConfigurationList = FDD783B717A89C3200158FCD /* Build configuration list for PBXNativeTarget "ORCDiscountTests" */;
			buildPhases = (
				FDD7839F17A89C3200158FCD /* Sources */,
				FDD783A017A89C3200158FCD /* Frameworks */,
				FDD783A117A89C3200158FCD /* Resources */,
			);
			buildRules = (
			);
			dependencies = (
				729F8C241A53587F009FB9AD /* PBXTargetDependency */,
			);
			name = ORCDiscountTests;
			productName = DiscountTests;
			productReference = FDD783A317A89C3200158FCD /* ORCDiscountTests.xctest */;
			productType = "com.apple.product-type.bundle.unit-test";
		};
/* End PBXNativeTarget section */

/* Begin PBXProject section */
		FDD7838817A89C3200158FCD /* Project object */ = {
			isa = PBXProject;
			attributes = {
				LastUpgradeCheck = 0610;
				ORGANIZATIONNAME = Neat.io;
				TargetAttributes = {
					729F8BF81A535725009FB9AD = {
						CreatedOnToolsVersion = 6.2;
					};
					729F8C2B1A535937009FB9AD = {
						CreatedOnToolsVersion = 6.2;
					};
				};
			};
			buildConfigurationList = FDD7838B17A89C3200158FCD /* Build configuration list for PBXProject "ORCDiscount" */;
			compatibilityVersion = "Xcode 3.2";
			developmentRegion = English;
			hasScannedForEncodings = 0;
			knownRegions = (
				en,
			);
			mainGroup = FDD7838717A89C3200158FCD;
			productRefGroup = FDD7839117A89C3200158FCD /* Products */;
			projectDirPath = "";
			projectRoot = "";
			targets = (
				FDD783A217A89C3200158FCD /* ORCDiscountTests */,
				729F8BF81A535725009FB9AD /* ORCDiscount-Mac */,
				729F8C2B1A535937009FB9AD /* ORCDiscount-iOS */,
			);
		};
/* End PBXProject section */

/* Begin PBXResourcesBuildPhase section */
		729F8BF71A535725009FB9AD /* Resources */ = {
			isa = PBXResourcesBuildPhase;
			buildActionMask = 2147483647;
			files = (
			);
			runOnlyForDeploymentPostprocessing = 0;
		};
		729F8C2A1A535937009FB9AD /* Resources */ = {
			isa = PBXResourcesBuildPhase;
			buildActionMask = 2147483647;
			files = (
			);
			runOnlyForDeploymentPostprocessing = 0;
		};
		FDD783A117A89C3200158FCD /* Resources */ = {
			isa = PBXResourcesBuildPhase;
			buildActionMask = 2147483647;
			files = (
				FDD783AF17A89C3200158FCD /* InfoPlist.strings in Resources */,
			);
			runOnlyForDeploymentPostprocessing = 0;
		};
/* End PBXResourcesBuildPhase section */

/* Begin PBXSourcesBuildPhase section */
		729F8BF41A535725009FB9AD /* Sources */ = {
			isa = PBXSourcesBuildPhase;
			buildActionMask = 2147483647;
			files = (
				729F8C121A53577C009FB9AD /* Csio.c in Sources */,
				729F8C131A53577E009FB9AD /* emmatch.c in Sources */,
				729F8C141A535780009FB9AD /* generate.c in Sources */,
				729F8C151A535784009FB9AD /* github_flavoured.c in Sources */,
				729F8C161A535787009FB9AD /* html5.c in Sources */,
				729F8C171A535789009FB9AD /* markdown.c in Sources */,
				729F8C181A53578B009FB9AD /* mkdio.c in Sources */,
				729F8C191A53578D009FB9AD /* resource.c in Sources */,
				729F8C1A1A535790009FB9AD /* setup.c in Sources */,
				729F8C1B1A535795009FB9AD /* tags.c in Sources */,
				729F8C1C1A535797009FB9AD /* xml.c in Sources */,
				729F8C211A5357AF009FB9AD /* NSString+ORCDiscount.m in Sources */,
			);
			runOnlyForDeploymentPostprocessing = 0;
		};
		729F8C271A535937009FB9AD /* Sources */ = {
			isa = PBXSourcesBuildPhase;
			buildActionMask = 2147483647;
			files = (
				729F8C451A535977009FB9AD /* Csio.c in Sources */,
				729F8C461A535977009FB9AD /* emmatch.c in Sources */,
				729F8C471A535977009FB9AD /* generate.c in Sources */,
				729F8C481A535977009FB9AD /* github_flavoured.c in Sources */,
				729F8C491A535977009FB9AD /* html5.c in Sources */,
				729F8C4A1A535977009FB9AD /* markdown.c in Sources */,
				729F8C4C1A535977009FB9AD /* mkdio.c in Sources */,
				729F8C4D1A535977009FB9AD /* resource.c in Sources */,
				729F8C4E1A535977009FB9AD /* setup.c in Sources */,
				729F8C501A535977009FB9AD /* tags.c in Sources */,
				729F8C571A5359C5009FB9AD /* xml.c in Sources */,
			);
			runOnlyForDeploymentPostprocessing = 0;
		};
		FDD7839F17A89C3200158FCD /* Sources */ = {
			isa = PBXSourcesBuildPhase;
			buildActionMask = 2147483647;
			files = (
				FDD783B117A89C3200158FCD /* ORCDiscountTests.m in Sources */,
			);
			runOnlyForDeploymentPostprocessing = 0;
		};
/* End PBXSourcesBuildPhase section */

/* Begin PBXTargetDependency section */
		729F8C241A53587F009FB9AD /* PBXTargetDependency */ = {
			isa = PBXTargetDependency;
			target = 729F8BF81A535725009FB9AD /* ORCDiscount-Mac */;
			targetProxy = 729F8C231A53587F009FB9AD /* PBXContainerItemProxy */;
		};
/* End PBXTargetDependency section */

/* Begin PBXVariantGroup section */
		FDD783AD17A89C3200158FCD /* InfoPlist.strings */ = {
			isa = PBXVariantGroup;
			children = (
				FDD783AE17A89C3200158FCD /* en */,
			);
			name = InfoPlist.strings;
			sourceTree = "<group>";
		};
/* End PBXVariantGroup section */

/* Begin XCBuildConfiguration section */
		729F8C0D1A535725009FB9AD /* Debug */ = {
			isa = XCBuildConfiguration;
			buildSettings = {
				CLANG_WARN_UNREACHABLE_CODE = YES;
				COMBINE_HIDPI_IMAGES = YES;
				CURRENT_PROJECT_VERSION = 1;
				DEFINES_MODULE = YES;
				DYLIB_COMPATIBILITY_VERSION = 1;
				DYLIB_CURRENT_VERSION = 1;
				DYLIB_INSTALL_NAME_BASE = "@rpath";
				ENABLE_STRICT_OBJC_MSGSEND = YES;
				FRAMEWORK_VERSION = A;
				GCC_PREPROCESSOR_DEFINITIONS = (
					"DEBUG=1",
					"$(inherited)",
				);
				GCC_WARN_64_TO_32_BIT_CONVERSION = NO;
				GCC_WARN_UNINITIALIZED_AUTOS = YES;
				INFOPLIST_FILE = src/Info.plist;
				INSTALL_PATH = "$(LOCAL_LIBRARY_DIR)/Frameworks";
				LD_RUNPATH_SEARCH_PATHS = "$(inherited) @executable_path/../Frameworks @loader_path/Frameworks";
				MACOSX_DEPLOYMENT_TARGET = 10.10;
				MTL_ENABLE_DEBUG_INFO = YES;
				PRODUCT_NAME = ORCDiscount;
				SKIP_INSTALL = YES;
				VERSIONING_SYSTEM = "apple-generic";
				VERSION_INFO_PREFIX = "";
			};
			name = Debug;
		};
		729F8C0E1A535725009FB9AD /* Release */ = {
			isa = XCBuildConfiguration;
			buildSettings = {
				CLANG_WARN_UNREACHABLE_CODE = YES;
				COMBINE_HIDPI_IMAGES = YES;
				CURRENT_PROJECT_VERSION = 1;
				DEFINES_MODULE = YES;
				DYLIB_COMPATIBILITY_VERSION = 1;
				DYLIB_CURRENT_VERSION = 1;
				DYLIB_INSTALL_NAME_BASE = "@rpath";
				ENABLE_STRICT_OBJC_MSGSEND = YES;
				FRAMEWORK_VERSION = A;
				GCC_WARN_64_TO_32_BIT_CONVERSION = NO;
				GCC_WARN_UNINITIALIZED_AUTOS = YES;
				INFOPLIST_FILE = src/Info.plist;
				INSTALL_PATH = "$(LOCAL_LIBRARY_DIR)/Frameworks";
				LD_RUNPATH_SEARCH_PATHS = "$(inherited) @executable_path/../Frameworks @loader_path/Frameworks";
				MACOSX_DEPLOYMENT_TARGET = 10.10;
				MTL_ENABLE_DEBUG_INFO = NO;
				PRODUCT_NAME = ORCDiscount;
				SKIP_INSTALL = YES;
				VERSIONING_SYSTEM = "apple-generic";
				VERSION_INFO_PREFIX = "";
			};
			name = Release;
		};
		729F8C401A535938009FB9AD /* Debug */ = {
			isa = XCBuildConfiguration;
			buildSettings = {
				CLANG_WARN_UNREACHABLE_CODE = YES;
				"CODE_SIGN_IDENTITY[sdk=iphoneos*]" = "iPhone Developer";
				CURRENT_PROJECT_VERSION = 1;
				DEFINES_MODULE = YES;
				DYLIB_COMPATIBILITY_VERSION = 1;
				DYLIB_CURRENT_VERSION = 1;
				DYLIB_INSTALL_NAME_BASE = "@rpath";
				ENABLE_STRICT_OBJC_MSGSEND = YES;
				GCC_PREPROCESSOR_DEFINITIONS = (
					"DEBUG=1",
					"$(inherited)",
				);
				GCC_WARN_64_TO_32_BIT_CONVERSION = NO;
				GCC_WARN_UNINITIALIZED_AUTOS = YES;
				INFOPLIST_FILE = src/Info.plist;
				INSTALL_PATH = "$(LOCAL_LIBRARY_DIR)/Frameworks";
				IPHONEOS_DEPLOYMENT_TARGET = 8.2;
				LD_RUNPATH_SEARCH_PATHS = "$(inherited) @executable_path/Frameworks @loader_path/Frameworks";
				MTL_ENABLE_DEBUG_INFO = YES;
				PRODUCT_NAME = ORCDiscount;
				SDKROOT = iphoneos;
				SKIP_INSTALL = YES;
				TARGETED_DEVICE_FAMILY = "1,2";
				VERSIONING_SYSTEM = "apple-generic";
				VERSION_INFO_PREFIX = "";
			};
			name = Debug;
		};
		729F8C411A535938009FB9AD /* Release */ = {
			isa = XCBuildConfiguration;
			buildSettings = {
				CLANG_WARN_UNREACHABLE_CODE = YES;
				"CODE_SIGN_IDENTITY[sdk=iphoneos*]" = "iPhone Developer";
				CURRENT_PROJECT_VERSION = 1;
				DEFINES_MODULE = YES;
				DYLIB_COMPATIBILITY_VERSION = 1;
				DYLIB_CURRENT_VERSION = 1;
				DYLIB_INSTALL_NAME_BASE = "@rpath";
				ENABLE_STRICT_OBJC_MSGSEND = YES;
				GCC_WARN_64_TO_32_BIT_CONVERSION = NO;
				GCC_WARN_UNINITIALIZED_AUTOS = YES;
				INFOPLIST_FILE = src/Info.plist;
				INSTALL_PATH = "$(LOCAL_LIBRARY_DIR)/Frameworks";
				IPHONEOS_DEPLOYMENT_TARGET = 8.2;
				LD_RUNPATH_SEARCH_PATHS = "$(inherited) @executable_path/Frameworks @loader_path/Frameworks";
				MTL_ENABLE_DEBUG_INFO = NO;
				PRODUCT_NAME = ORCDiscount;
				SDKROOT = iphoneos;
				SKIP_INSTALL = YES;
				TARGETED_DEVICE_FAMILY = "1,2";
				VALIDATE_PRODUCT = YES;
				VERSIONING_SYSTEM = "apple-generic";
				VERSION_INFO_PREFIX = "";
			};
			name = Release;
		};
		FDD783B217A89C3200158FCD /* Debug */ = {
			isa = XCBuildConfiguration;
			buildSettings = {
				ALWAYS_SEARCH_USER_PATHS = NO;
				CLANG_CXX_LANGUAGE_STANDARD = "gnu++0x";
				CLANG_CXX_LIBRARY = "libc++";
				CLANG_ENABLE_MODULES = YES;
				CLANG_ENABLE_OBJC_ARC = YES;
				CLANG_WARN_BOOL_CONVERSION = YES;
				CLANG_WARN_CONSTANT_CONVERSION = YES;
				CLANG_WARN_DIRECT_OBJC_ISA_USAGE = YES_ERROR;
				CLANG_WARN_EMPTY_BODY = YES;
				CLANG_WARN_ENUM_CONVERSION = YES;
				CLANG_WARN_INT_CONVERSION = YES;
				CLANG_WARN_OBJC_ROOT_CLASS = YES_ERROR;
				CLANG_WARN__DUPLICATE_METHOD_MATCH = YES;
				COPY_PHASE_STRIP = NO;
				GCC_C_LANGUAGE_STANDARD = gnu99;
				GCC_DYNAMIC_NO_PIC = NO;
				GCC_ENABLE_OBJC_EXCEPTIONS = YES;
				GCC_OPTIMIZATION_LEVEL = 0;
				GCC_PREPROCESSOR_DEFINITIONS = (
					"DEBUG=1",
					"$(inherited)",
				);
				GCC_SYMBOLS_PRIVATE_EXTERN = NO;
				GCC_WARN_ABOUT_RETURN_TYPE = YES_ERROR;
				GCC_WARN_UNDECLARED_SELECTOR = YES;
				GCC_WARN_UNINITIALIZED_AUTOS = YES;
				GCC_WARN_UNUSED_FUNCTION = YES;
				GCC_WARN_UNUSED_VARIABLE = YES;
				HEADER_SEARCH_PATHS = config;
				MACOSX_DEPLOYMENT_TARGET = 10.8;
				ONLY_ACTIVE_ARCH = YES;
				SDKROOT = macosx;
			};
			name = Debug;
		};
		FDD783B317A89C3200158FCD /* Release */ = {
			isa = XCBuildConfiguration;
			buildSettings = {
				ALWAYS_SEARCH_USER_PATHS = NO;
				CLANG_CXX_LANGUAGE_STANDARD = "gnu++0x";
				CLANG_CXX_LIBRARY = "libc++";
				CLANG_ENABLE_MODULES = YES;
				CLANG_ENABLE_OBJC_ARC = YES;
				CLANG_WARN_BOOL_CONVERSION = YES;
				CLANG_WARN_CONSTANT_CONVERSION = YES;
				CLANG_WARN_DIRECT_OBJC_ISA_USAGE = YES_ERROR;
				CLANG_WARN_EMPTY_BODY = YES;
				CLANG_WARN_ENUM_CONVERSION = YES;
				CLANG_WARN_INT_CONVERSION = YES;
				CLANG_WARN_OBJC_ROOT_CLASS = YES_ERROR;
				CLANG_WARN__DUPLICATE_METHOD_MATCH = YES;
				COPY_PHASE_STRIP = YES;
				DEBUG_INFORMATION_FORMAT = "dwarf-with-dsym";
				ENABLE_NS_ASSERTIONS = NO;
				GCC_C_LANGUAGE_STANDARD = gnu99;
				GCC_ENABLE_OBJC_EXCEPTIONS = YES;
				GCC_WARN_ABOUT_RETURN_TYPE = YES_ERROR;
				GCC_WARN_UNDECLARED_SELECTOR = YES;
				GCC_WARN_UNINITIALIZED_AUTOS = YES;
				GCC_WARN_UNUSED_FUNCTION = YES;
				GCC_WARN_UNUSED_VARIABLE = YES;
				HEADER_SEARCH_PATHS = config;
				MACOSX_DEPLOYMENT_TARGET = 10.8;
				SDKROOT = macosx;
			};
			name = Release;
		};
		FDD783B817A89C3200158FCD /* Debug */ = {
			isa = XCBuildConfiguration;
			buildSettings = {
				COMBINE_HIDPI_IMAGES = YES;
				FRAMEWORK_SEARCH_PATHS = (
					"$(DEVELOPER_FRAMEWORKS_DIR)",
					"$(inherited)",
				);
				GCC_PRECOMPILE_PREFIX_HEADER = YES;
				GCC_PREFIX_HEADER = "src/ORCDiscount-Prefix.pch";
				GCC_PREPROCESSOR_DEFINITIONS = (
					"DEBUG=1",
					"$(inherited)",
				);
				HEADER_SEARCH_PATHS = (
					config,
					src,
				);
				INFOPLIST_FILE = "tests/ORCDiscountTests-Info.plist";
				OTHER_LDFLAGS = (
					"$(inherited)",
					"-framework",
					XCTest,
					"-ObjC",
					"-all_load",
				);
				PRODUCT_NAME = ORCDiscountTests;
				WRAPPER_EXTENSION = xctest;
			};
			name = Debug;
		};
		FDD783B917A89C3200158FCD /* Release */ = {
			isa = XCBuildConfiguration;
			buildSettings = {
				COMBINE_HIDPI_IMAGES = YES;
				FRAMEWORK_SEARCH_PATHS = (
					"$(DEVELOPER_FRAMEWORKS_DIR)",
					"$(inherited)",
				);
				GCC_PRECOMPILE_PREFIX_HEADER = YES;
				GCC_PREFIX_HEADER = "src/ORCDiscount-Prefix.pch";
				HEADER_SEARCH_PATHS = (
					config,
					src,
				);
				INFOPLIST_FILE = "tests/ORCDiscountTests-Info.plist";
				OTHER_LDFLAGS = (
					"$(inherited)",
					"-framework",
					XCTest,
					"-ObjC",
					"-all_load",
				);
				PRODUCT_NAME = ORCDiscountTests;
				WRAPPER_EXTENSION = xctest;
			};
			name = Release;
		};
/* End XCBuildConfiguration section */

/* Begin XCConfigurationList section */
		729F8C0C1A535725009FB9AD /* Build configuration list for PBXNativeTarget "ORCDiscount-Mac" */ = {
			isa = XCConfigurationList;
			buildConfigurations = (
				729F8C0D1A535725009FB9AD /* Debug */,
				729F8C0E1A535725009FB9AD /* Release */,
			);
			defaultConfigurationIsVisible = 0;
		};
		729F8C3F1A535938009FB9AD /* Build configuration list for PBXNativeTarget "ORCDiscount-iOS" */ = {
			isa = XCConfigurationList;
			buildConfigurations = (
				729F8C401A535938009FB9AD /* Debug */,
				729F8C411A535938009FB9AD /* Release */,
			);
			defaultConfigurationIsVisible = 0;
		};
		FDD7838B17A89C3200158FCD /* Build configuration list for PBXProject "ORCDiscount" */ = {
			isa = XCConfigurationList;
			buildConfigurations = (
				FDD783B217A89C3200158FCD /* Debug */,
				FDD783B317A89C3200158FCD /* Release */,
			);
			defaultConfigurationIsVisible = 0;
			defaultConfigurationName = Release;
		};
		FDD783B717A89C3200158FCD /* Build configuration list for PBXNativeTarget "ORCDiscountTests" */ = {
			isa = XCConfigurationList;
			buildConfigurations = (
				FDD783B817A89C3200158FCD /* Debug */,
				FDD783B917A89C3200158FCD /* Release */,
			);
			defaultConfigurationIsVisible = 0;
			defaultConfigurationName = Release;
		};
/* End XCConfigurationList section */
	};
	rootObject = FDD7838817A89C3200158FCD /* Project object */;
}
